
Microsoft Visual Studio Solution File, Format Version 12.00
# Visual Studio Version 17
VisualStudioVersion = 17.13.35828.75 d17.13
MinimumVisualStudioVersion = 10.0.40219.1
Project("{FAE04EC0-301F-11D3-BF4B-00C04F79EFBC}") = "ContentCreationTool.Api", "ContentCreationTool.Api\ContentCreationTool.Api.csproj", "{5E765076-D93B-4C11-80EE-E1B96D51D122}"
EndProject
Global
	GlobalSection(SolutionConfigurationPlatforms) = preSolution
		Debug|Any CPU = Debug|Any CPU
		Release|Any CPU = Release|Any CPU
	EndGlobalSection
	GlobalSection(ProjectConfigurationPlatforms) = postSolution
		{5E765076-D93B-4C11-80EE-E1B96D51D122}.Debug|Any CPU.ActiveCfg = Debug|Any CPU
		{5E765076-D93B-4C11-80EE-E1B96D51D122}.Debug|Any CPU.Build.0 = Debug|Any CPU
		{5E765076-D93B-4C11-80EE-E1B96D51D122}.Release|Any CPU.ActiveCfg = Release|Any CPU
		{5E765076-D93B-4C11-80EE-E1B96D51D122}.Release|Any CPU.Build.0 = Release|Any CPU
	EndGlobalSection
	GlobalSection(SolutionProperties) = preSolution
		HideSolutionNode = FALSE
	EndGlobalSection
	GlobalSection(ExtensibilityGlobals) = postSolution
		SolutionGuid = {F79273BA-35DB-48D7-B7AD-CF2D82918ECC}
	EndGlobalSection
EndGlobal
